
Microsoft Visual Studio Solution File, Format Version 12.00
# Visual Studio Version 17
VisualStudioVersion = 17.8.34330.188
MinimumVisualStudioVersion = 10.0.40219.1
Project("{FAE04EC0-301F-11D3-BF4B-00C04F79EFBC}") = "Lab4DP", "Lab4DP.csproj", "{811F06E8-3BBE-4AD4-B664-A4CDA5B93F79}"
EndProject
Global
	GlobalSection(SolutionConfigurationPlatforms) = preSolution
		Debug|Any CPU = Debug|Any CPU
		Release|Any CPU = Release|Any CPU
	EndGlobalSection
	GlobalSection(ProjectConfigurationPlatforms) = postSolution
		{811F06E8-3BBE-4AD4-B664-A4CDA5B93F79}.Debug|Any CPU.ActiveCfg = Debug|Any CPU
		{811F06E8-3BBE-4AD4-B664-A4CDA5B93F79}.Debug|Any CPU.Build.0 = Debug|Any CPU
		{811F06E8-3BBE-4AD4-B664-A4CDA5B93F79}.Release|Any CPU.ActiveCfg = Release|Any CPU
		{811F06E8-3BBE-4AD4-B664-A4CDA5B93F79}.Release|Any CPU.Build.0 = Release|Any CPU
	EndGlobalSection
	GlobalSection(SolutionProperties) = preSolution
		HideSolutionNode = FALSE
	EndGlobalSection
	GlobalSection(ExtensibilityGlobals) = postSolution
		SolutionGuid = {32405940-6DF2-4FDA-8BDF-29B35CF6CD32}
	EndGlobalSection
EndGlobal
